
Microsoft Visual Studio Solution File, Format Version 12.00
# Visual Studio Version 18
VisualStudioVersion = 18.8.12021.73
MinimumVisualStudioVersion = 10.0.40219.1
Project("{9A19103F-16F7-4668-BE54-9A1E7A4F7556}") = "CookingBot", "CookingBot.csproj", "{46B6B7D0-F054-460F-AC88-B795EF59C77C}"
EndProject
Project("{FAE04EC0-301F-11D3-BF4B-00C04F79EFBC}") = "Telegram.Bot", "..\Дополнение к ДЗ9\Telegram.Bot\src\Telegram.Bot\Telegram.Bot.csproj", "{CFAD768E-4533-4F31-8BAF-A84F5DD4E053}"
EndProject
Global
	GlobalSection(SolutionConfigurationPlatforms) = preSolution
		Debug|Any CPU = Debug|Any CPU
		Release|Any CPU = Release|Any CPU
	EndGlobalSection
	GlobalSection(ProjectConfigurationPlatforms) = postSolution
		{46B6B7D0-F054-460F-AC88-B795EF59C77C}.Debug|Any CPU.ActiveCfg = Debug|Any CPU
		{46B6B7D0-F054-460F-AC88-B795EF59C77C}.Debug|Any CPU.Build.0 = Debug|Any CPU
		{46B6B7D0-F054-460F-AC88-B795EF59C77C}.Release|Any CPU.ActiveCfg = Release|Any CPU
		{46B6B7D0-F054-460F-AC88-B795EF59C77C}.Release|Any CPU.Build.0 = Release|Any CPU
		{CFAD768E-4533-4F31-8BAF-A84F5DD4E053}.Debug|Any CPU.ActiveCfg = Debug|Any CPU
		{CFAD768E-4533-4F31-8BAF-A84F5DD4E053}.Debug|Any CPU.Build.0 = Debug|Any CPU
		{CFAD768E-4533-4F31-8BAF-A84F5DD4E053}.Release|Any CPU.ActiveCfg = Release|Any CPU
		{CFAD768E-4533-4F31-8BAF-A84F5DD4E053}.Release|Any CPU.Build.0 = Release|Any CPU
	EndGlobalSection
	GlobalSection(SolutionProperties) = preSolution
		HideSolutionNode = FALSE
	EndGlobalSection
	GlobalSection(ExtensibilityGlobals) = postSolution
		SolutionGuid = {22CC2710-1B42-4930-87AF-5115B1CC6AE3}
	EndGlobalSection
EndGlobal
