
Microsoft Visual Studio Solution File, Format Version 12.00
# Visual Studio Version 17
VisualStudioVersion = 17.7.34024.191
MinimumVisualStudioVersion = 10.0.40219.1
Project("{9A19103F-16F7-4668-BE54-9A1E7A4F7556}") = "CookingBot", "CookingBot.csproj", "{46B6B7D0-F054-460F-AC88-B795EF59C77C}"
EndProject
Project("{9A19103F-16F7-4668-BE54-9A1E7A4F7556}") = "Telegram.Bot", "..\Дополнение к ДЗ9\Telegram.Bot-master\src\Telegram.Bot\Telegram.Bot.csproj", "{D3CB17A3-98BC-4C80-A6EE-CB002AC6A859}"
EndProject
Global
	GlobalSection(SolutionConfigurationPlatforms) = preSolution
		Debug|Any CPU = Debug|Any CPU
		Release|Any CPU = Release|Any CPU
	EndGlobalSection
	GlobalSection(ProjectConfigurationPlatforms) = postSolution
		{46B6B7D0-F054-460F-AC88-B795EF59C77C}.Debug|Any CPU.ActiveCfg = Debug|Any CPU
		{46B6B7D0-F054-460F-AC88-B795EF59C77C}.Debug|Any CPU.Build.0 = Debug|Any CPU
		{46B6B7D0-F054-460F-AC88-B795EF59C77C}.Release|Any CPU.ActiveCfg = Release|Any CPU
		{46B6B7D0-F054-460F-AC88-B795EF59C77C}.Release|Any CPU.Build.0 = Release|Any CPU
		{D3CB17A3-98BC-4C80-A6EE-CB002AC6A859}.Debug|Any CPU.ActiveCfg = Debug|Any CPU
		{D3CB17A3-98BC-4C80-A6EE-CB002AC6A859}.Debug|Any CPU.Build.0 = Debug|Any CPU
		{D3CB17A3-98BC-4C80-A6EE-CB002AC6A859}.Release|Any CPU.ActiveCfg = Release|Any CPU
		{D3CB17A3-98BC-4C80-A6EE-CB002AC6A859}.Release|Any CPU.Build.0 = Release|Any CPU
	EndGlobalSection
	GlobalSection(SolutionProperties) = preSolution
		HideSolutionNode = FALSE
	EndGlobalSection
	GlobalSection(ExtensibilityGlobals) = postSolution
		SolutionGuid = {22CC2710-1B42-4930-87AF-5115B1CC6AE3}
	EndGlobalSection
EndGlobal
